
Microsoft Visual Studio Solution File, Format Version 12.00
Project("{FAE04EC0-301F-11D3-BF4B-00C04F79EFBC}") = "NoRussian", "NoRussian\NoRussian.csproj", "{5AD8F06D-AA7E-45D2-9EAC-09AEF7BAE264}"
EndProject
Global
	GlobalSection(SolutionConfigurationPlatforms) = preSolution
		Debug|Any CPU = Debug|Any CPU
		Release|Any CPU = Release|Any CPU
	EndGlobalSection
	GlobalSection(ProjectConfigurationPlatforms) = postSolution
		{5AD8F06D-AA7E-45D2-9EAC-09AEF7BAE264}.Debug|Any CPU.ActiveCfg = Debug|Any CPU
		{5AD8F06D-AA7E-45D2-9EAC-09AEF7BAE264}.Debug|Any CPU.Build.0 = Debug|Any CPU
		{5AD8F06D-AA7E-45D2-9EAC-09AEF7BAE264}.Release|Any CPU.ActiveCfg = Release|Any CPU
		{5AD8F06D-AA7E-45D2-9EAC-09AEF7BAE264}.Release|Any CPU.Build.0 = Release|Any CPU
	EndGlobalSection
EndGlobal
